
Microsoft Visual Studio Solution File, Format Version 12.00
# Visual Studio Version 16
VisualStudioVersion = 16.0.30002.166
MinimumVisualStudioVersion = 10.0.40219.1
Project("{FAE04EC0-301F-11D3-BF4B-00C04F79EFBC}") = "Proyecto", "Proyecto\Proyecto.csproj", "{5F55F176-9D1A-4A76-99B9-4A91C18E14A6}"
EndProject
Global
	GlobalSection(SolutionConfigurationPlatforms) = preSolution
		Debug|Any CPU = Debug|Any CPU
		Release|Any CPU = Release|Any CPU
	EndGlobalSection
	GlobalSection(ProjectConfigurationPlatforms) = postSolution
		{5F55F176-9D1A-4A76-99B9-4A91C18E14A6}.Debug|Any CPU.ActiveCfg = Debug|Any CPU
		{5F55F176-9D1A-4A76-99B9-4A91C18E14A6}.Debug|Any CPU.Build.0 = Debug|Any CPU
		{5F55F176-9D1A-4A76-99B9-4A91C18E14A6}.Release|Any CPU.ActiveCfg = Release|Any CPU
		{5F55F176-9D1A-4A76-99B9-4A91C18E14A6}.Release|Any CPU.Build.0 = Release|Any CPU
	EndGlobalSection
	GlobalSection(SolutionProperties) = preSolution
		HideSolutionNode = FALSE
	EndGlobalSection
	GlobalSection(ExtensibilityGlobals) = postSolution
		SolutionGuid = {0A8AA5DD-75EC-4126-9D1F-5D57D66CC921}
	EndGlobalSection
EndGlobal
